// !$*UTF8*$!
{
	archiveVersion = 1;
	classes = {
	};
	objectVersion = 50;
	objects = {

/* Begin PBXBuildFile section */
		45B5C7D82364804D00E10AA7 /* AppDelegate.swift in Sources */ = {isa = PBXBuildFile; fileRef = 45B5C7D72364804D00E10AA7 /* AppDelegate.swift */; };
		45B5C7DA2364804D00E10AA7 /* SceneDelegate.swift in Sources */ = {isa = PBXBuildFile; fileRef = 45B5C7D92364804D00E10AA7 /* SceneDelegate.swift */; };
		45B5C7DC2364804D00E10AA7 /* ContentView.swift in Sources */ = {isa = PBXBuildFile; fileRef = 45B5C7DB2364804D00E10AA7 /* ContentView.swift */; };
		45B5C7DE2364805000E10AA7 /* Assets.xcassets in Resources */ = {isa = PBXBuildFile; fileRef = 45B5C7DD2364805000E10AA7 /* Assets.xcassets */; };
		45B5C7E12364805000E10AA7 /* Preview Assets.xcassets in Resources */ = {isa = PBXBuildFile; fileRef = 45B5C7E02364805000E10AA7 /* Preview Assets.xcassets */; };
		45B5C7E42364805000E10AA7 /* LaunchScreen.storyboard in Resources */ = {isa = PBXBuildFile; fileRef = 45B5C7E22364805000E10AA7 /* LaunchScreen.storyboard */; };
		45B5C7EF2364805100E10AA7 /* SideMenuInSwiftUITests.swift in Sources */ = {isa = PBXBuildFile; fileRef = 45B5C7EE2364805100E10AA7 /* SideMenuInSwiftUITests.swift */; };
		45B5C7FA2364805100E10AA7 /* SideMenuInSwiftUIUITests.swift in Sources */ = {isa = PBXBuildFile; fileRef = 45B5C7F92364805100E10AA7 /* SideMenuInSwiftUIUITests.swift */; };
		45B5C80A236481A800E10AA7 /* MenuView.swift in Sources */ = {isa = PBXBuildFile; fileRef = 45B5C809236481A800E10AA7 /* MenuView.swift */; };
/* End PBXBuildFile section */

/* Begin PBXContainerItemProxy section */
		45B5C7EB2364805100E10AA7 /* PBXContainerItemProxy */ = {
			isa = PBXContainerItemProxy;
			containerPortal = 45B5C7CC2364804D00E10AA7 /* Project object */;
			proxyType = 1;
			remoteGlobalIDString = 45B5C7D32364804D00E10AA7;
			remoteInfo = SideMenuInSwiftUI;
		};
		45B5C7F62364805100E10AA7 /* PBXContainerItemProxy */ = {
			isa = PBXContainerItemProxy;
			containerPortal = 45B5C7CC2364804D00E10AA7 /* Project object */;
			proxyType = 1;
			remoteGlobalIDString = 45B5C7D32364804D00E10AA7;
			remoteInfo = SideMenuInSwiftUI;
		};
/* End PBXContainerItemProxy section */

/* Begin PBXFileReference section */
		45B5C7D42364804D00E10AA7 /* SideMenuInSwiftUI.app */ = {isa = PBXFileReference; explicitFileType = wrapper.application; includeInIndex = 0; path = SideMenuInSwiftUI.app; sourceTree = BUILT_PRODUCTS_DIR; };
		45B5C7D72364804D00E10AA7 /* AppDelegate.swift */ = {isa = PBXFileReference; lastKnownFileType = sourcecode.swift; path = AppDelegate.swift; sourceTree = "<group>"; };
		45B5C7D92364804D00E10AA7 /* SceneDelegate.swift */ = {isa = PBXFileReference; lastKnownFileType = sourcecode.swift; path = SceneDelegate.swift; sourceTree = "<group>"; };
		45B5C7DB2364804D00E10AA7 /* ContentView.swift */ = {isa = PBXFileReference; lastKnownFileType = sourcecode.swift; path = ContentView.swift; sourceTree = "<group>"; };
		45B5C7DD2364805000E10AA7 /* Assets.xcassets */ = {isa = PBXFileReference; lastKnownFileType = folder.assetcatalog; path = Assets.xcassets; sourceTree = "<group>"; };
		45B5C7E02364805000E10AA7 /* Preview Assets.xcassets */ = {isa = PBXFileReference; lastKnownFileType = folder.assetcatalog; path = "Preview Assets.xcassets"; sourceTree = "<group>"; };
		45B5C7E32364805000E10AA7 /* Base */ = {isa = PBXFileReference; lastKnownFileType = file.storyboard; name = Base; path = Base.lproj/LaunchScreen.storyboard; sourceTree = "<group>"; };
		45B5C7E52364805000E10AA7 /* Info.plist */ = {isa = PBXFileReference; lastKnownFileType = text.plist.xml; path = Info.plist; sourceTree = "<group>"; };
		45B5C7EA2364805100E10AA7 /* SideMenuInSwiftUITests.xctest */ = {isa = PBXFileReference; explicitFileType = wrapper.cfbundle; includeInIndex = 0; path = SideMenuInSwiftUITests.xctest; sourceTree = BUILT_PRODUCTS_DIR; };
		45B5C7EE2364805100E10AA7 /* SideMenuInSwiftUITests.swift */ = {isa = PBXFileReference; lastKnownFileType = sourcecode.swift; path = SideMenuInSwiftUITests.swift; sourceTree = "<group>"; };
		45B5C7F02364805100E10AA7 /* Info.plist */ = {isa = PBXFileReference; lastKnownFileType = text.plist.xml; path = Info.plist; sourceTree = "<group>"; };
		45B5C7F52364805100E10AA7 /* SideMenuInSwiftUIUITests.xctest */ = {isa = PBXFileReference; explicitFileType = wrapper.cfbundle; includeInIndex = 0; path = SideMenuInSwiftUIUITests.xctest; sourceTree = BUILT_PRODUCTS_DIR; };
		45B5C7F92364805100E10AA7 /* SideMenuInSwiftUIUITests.swift */ = {isa = PBXFileReference; lastKnownFileType = sourcecode.swift; path = SideMenuInSwiftUIUITests.swift; sourceTree = "<group>"; };
		45B5C7FB2364805100E10AA7 /* Info.plist */ = {isa = PBXFileReference; lastKnownFileType = text.plist.xml; path = Info.plist; sourceTree = "<group>"; };
		45B5C809236481A800E10AA7 /* MenuView.swift */ = {isa = PBXFileReference; fileEncoding = 4; lastKnownFileType = sourcecode.swift; path = MenuView.swift; sourceTree = "<group>"; };
/* End PBXFileReference section */

/* Begin PBXFrameworksBuildPhase section */
		45B5C7D12364804D00E10AA7 /* Frameworks */ = {
			isa = PBXFrameworksBuildPhase;
			buildActionMask = 2147483647;
			files = (
			);
			runOnlyForDeploymentPostprocessing = 0;
		};
		45B5C7E72364805100E10AA7 /* Frameworks */ = {
			isa = PBXFrameworksBuildPhase;
			buildActionMask = 2147483647;
			files = (
			);
			runOnlyForDeploymentPostprocessing = 0;
		};
		45B5C7F22364805100E10AA7 /* Frameworks */ = {
			isa = PBXFrameworksBuildPhase;
			buildActionMask = 2147483647;
			files = (
			);
			runOnlyForDeploymentPostprocessing = 0;
		};
/* End PBXFrameworksBuildPhase section */

/* Begin PBXGroup section */
		45B5C7CB2364804D00E10AA7 = {
			isa = PBXGroup;
			children = (
				45B5C7D62364804D00E10AA7 /* SideMenuInSwiftUI */,
				45B5C7ED2364805100E10AA7 /* SideMenuInSwiftUITests */,
				45B5C7F82364805100E10AA7 /* SideMenuInSwiftUIUITests */,
				45B5C7D52364804D00E10AA7 /* Products */,
			);
			sourceTree = "<group>";
		};
		45B5C7D52364804D00E10AA7 /* Products */ = {
			isa = PBXGroup;
			children = (
				45B5C7D42364804D00E10AA7 /* SideMenuInSwiftUI.app */,
				45B5C7EA2364805100E10AA7 /* SideMenuInSwiftUITests.xctest */,
				45B5C7F52364805100E10AA7 /* SideMenuInSwiftUIUITests.xctest */,
			);
			name = Products;
			sourceTree = "<group>";
		};
		45B5C7D62364804D00E10AA7 /* SideMenuInSwiftUI */ = {
			isa = PBXGroup;
			children = (
				45B5C7D72364804D00E10AA7 /* AppDelegate.swift */,
				45B5C7D92364804D00E10AA7 /* SceneDelegate.swift */,
				45B5C7DB2364804D00E10AA7 /* ContentView.swift */,
				45B5C809236481A800E10AA7 /* MenuView.swift */,
				45B5C7DD2364805000E10AA7 /* Assets.xcassets */,
				45B5C7E22364805000E10AA7 /* LaunchScreen.storyboard */,
				45B5C7E52364805000E10AA7 /* Info.plist */,
				45B5C7DF2364805000E10AA7 /* Preview Content */,
			);
			path = SideMenuInSwiftUI;
			sourceTree = "<group>";
		};
		45B5C7DF2364805000E10AA7 /* Preview Content */ = {
			isa = PBXGroup;
			children = (
				45B5C7E02364805000E10AA7 /* Preview Assets.xcassets */,
			);
			path = "Preview Content";
			sourceTree = "<group>";
		};
		45B5C7ED2364805100E10AA7 /* SideMenuInSwiftUITests */ = {
			isa = PBXGroup;
			children = (
				45B5C7EE2364805100E10AA7 /* SideMenuInSwiftUITests.swift */,
				45B5C7F02364805100E10AA7 /* Info.plist */,
			);
			path = SideMenuInSwiftUITests;
			sourceTree = "<group>";
		};
		45B5C7F82364805100E10AA7 /* SideMenuInSwiftUIUITests */ = {
			isa = PBXGroup;
			children = (
				45B5C7F92364805100E10AA7 /* SideMenuInSwiftUIUITests.swift */,
				45B5C7FB2364805100E10AA7 /* Info.plist */,
			);
			path = SideMenuInSwiftUIUITests;
			sourceTree = "<group>";
		};
/* End PBXGroup section */

/* Begin PBXNativeTarget section */
		45B5C7D32364804D00E10AA7 /* SideMenuInSwiftUI */ = {
			isa = PBXNativeTarget;
			buildConfigurationList = 45B5C7FE2364805100E10AA7 /* Build configuration list for PBXNativeTarget "SideMenuInSwiftUI" */;
			buildPhases = (
				45B5C7D02364804D00E10AA7 /* Sources */,
				45B5C7D12364804D00E10AA7 /* Frameworks */,
				45B5C7D22364804D00E10AA7 /* Resources */,
			);
			buildRules = (
			);
			dependencies = (
			);
			name = SideMenuInSwiftUI;
			productName = SideMenuInSwiftUI;
			productReference = 45B5C7D42364804D00E10AA7 /* SideMenuInSwiftUI.app */;
			productType = "com.apple.product-type.application";
		};
		45B5C7E92364805100E10AA7 /* SideMenuInSwiftUITests */ = {
			isa = PBXNativeTarget;
			buildConfigurationList = 45B5C8012364805100E10AA7 /* Build configuration list for PBXNativeTarget "SideMenuInSwiftUITests" */;
			buildPhases = (
				45B5C7E62364805100E10AA7 /* Sources */,
				45B5C7E72364805100E10AA7 /* Frameworks */,
				45B5C7E82364805100E10AA7 /* Resources */,
			);
			buildRules = (
			);
			dependencies = (
				45B5C7EC2364805100E10AA7 /* PBXTargetDependency */,
			);
			name = SideMenuInSwiftUITests;
			productName = SideMenuInSwiftUITests;
			productReference = 45B5C7EA2364805100E10AA7 /* SideMenuInSwiftUITests.xctest */;
			productType = "com.apple.product-type.bundle.unit-test";
		};
		45B5C7F42364805100E10AA7 /* SideMenuInSwiftUIUITests */ = {
			isa = PBXNativeTarget;
			buildConfigurationList = 45B5C8042364805100E10AA7 /* Build configuration list for PBXNativeTarget "SideMenuInSwiftUIUITests" */;
			buildPhases = (
				45B5C7F12364805100E10AA7 /* Sources */,
				45B5C7F22364805100E10AA7 /* Frameworks */,
				45B5C7F32364805100E10AA7 /* Resources */,
			);
			buildRules = (
			);
			dependencies = (
				45B5C7F72364805100E10AA7 /* PBXTargetDependency */,
			);
			name = SideMenuInSwiftUIUITests;
			productName = SideMenuInSwiftUIUITests;
			productReference = 45B5C7F52364805100E10AA7 /* SideMenuInSwiftUIUITests.xctest */;
			productType = "com.apple.product-type.bundle.ui-testing";
		};
/* End PBXNativeTarget section */

/* Begin PBXProject section */
		45B5C7CC2364804D00E10AA7 /* Project object */ = {
			isa = PBXProject;
			attributes = {
				LastSwiftUpdateCheck = 1110;
				LastUpgradeCheck = 1110;
				ORGANIZATIONNAME = "Andreas Schultz";
				TargetAttributes = {
					45B5C7D32364804D00E10AA7 = {
						CreatedOnToolsVersion = 11.1;
					};
					45B5C7E92364805100E10AA7 = {
						CreatedOnToolsVersion = 11.1;
						TestTargetID = 45B5C7D32364804D00E10AA7;
					};
					45B5C7F42364805100E10AA7 = {
						CreatedOnToolsVersion = 11.1;
						TestTargetID = 45B5C7D32364804D00E10AA7;
					};
				};
			};
			buildConfigurationList = 45B5C7CF2364804D00E10AA7 /* Build configuration list for PBXProject "SideMenuInSwiftUI" */;
			compatibilityVersion = "Xcode 9.3";
			developmentRegion = en;
			hasScannedForEncodings = 0;
			knownRegions = (
				en,
				Base,
			);
			mainGroup = 45B5C7CB2364804D00E10AA7;
			productRefGroup = 45B5C7D52364804D00E10AA7 /* Products */;
			projectDirPath = "";
			projectRoot = "";
			targets = (
				45B5C7D32364804D00E10AA7 /* SideMenuInSwiftUI */,
				45B5C7E92364805100E10AA7 /* SideMenuInSwiftUITests */,
				45B5C7F42364805100E10AA7 /* SideMenuInSwiftUIUITests */,
			);
		};
/* End PBXProject section */

/* Begin PBXResourcesBuildPhase section */
		45B5C7D22364804D00E10AA7 /* Resources */ = {
			isa = PBXResourcesBuildPhase;
			buildActionMask = 2147483647;
			files = (
				45B5C7E42364805000E10AA7 /* LaunchScreen.storyboard in Resources */,
				45B5C7E12364805000E10AA7 /* Preview Assets.xcassets in Resources */,
				45B5C7DE2364805000E10AA7 /* Assets.xcassets in Resources */,
			);
			runOnlyForDeploymentPostprocessing = 0;
		};
		45B5C7E82364805100E10AA7 /* Resources */ = {
			isa = PBXResourcesBuildPhase;
			buildActionMask = 2147483647;
			files = (
			);
			runOnlyForDeploymentPostprocessing = 0;
		};
		45B5C7F32364805100E10AA7 /* Resources */ = {
			isa = PBXResourcesBuildPhase;
			buildActionMask = 2147483647;
			files = (
			);
			runOnlyForDeploymentPostprocessing = 0;
		};
/* End PBXResourcesBuildPhase section */

/* Begin PBXSourcesBuildPhase section */
		45B5C7D02364804D00E10AA7 /* Sources */ = {
			isa = PBXSourcesBuildPhase;
			buildActionMask = 2147483647;
			files = (
				45B5C7D82364804D00E10AA7 /* AppDelegate.swift in Sources */,
				45B5C80A236481A800E10AA7 /* MenuView.swift in Sources */,
				45B5C7DA2364804D00E10AA7 /* SceneDelegate.swift in Sources */,
				45B5C7DC2364804D00E10AA7 /* ContentView.swift in Sources */,
			);
			runOnlyForDeploymentPostprocessing = 0;
		};
		45B5C7E62364805100E10AA7 /* Sources */ = {
			isa = PBXSourcesBuildPhase;
			buildActionMask = 2147483647;
			files = (
				45B5C7EF2364805100E10AA7 /* SideMenuInSwiftUITests.swift in Sources */,
			);
			runOnlyForDeploymentPostprocessing = 0;
		};
		45B5C7F12364805100E10AA7 /* Sources */ = {
			isa = PBXSourcesBuildPhase;
			buildActionMask = 2147483647;
			files = (
				45B5C7FA2364805100E10AA7 /* SideMenuInSwiftUIUITests.swift in Sources */,
			);
			runOnlyForDeploymentPostprocessing = 0;
		};
/* End PBXSourcesBuildPhase section */

/* Begin PBXTargetDependency section */
		45B5C7EC2364805100E10AA7 /* PBXTargetDependency */ = {
			isa = PBXTargetDependency;
			target = 45B5C7D32364804D00E10AA7 /* SideMenuInSwiftUI */;
			targetProxy = 45B5C7EB2364805100E10AA7 /* PBXContainerItemProxy */;
		};
		45B5C7F72364805100E10AA7 /* PBXTargetDependency */ = {
			isa = PBXTargetDependency;
			target = 45B5C7D32364804D00E10AA7 /* SideMenuInSwiftUI */;
			targetProxy = 45B5C7F62364805100E10AA7 /* PBXContainerItemProxy */;
		};
/* End PBXTargetDependency section */

/* Begin PBXVariantGroup section */
		45B5C7E22364805000E10AA7 /* LaunchScreen.storyboard */ = {
			isa = PBXVariantGroup;
			children = (
				45B5C7E32364805000E10AA7 /* Base */,
			);
			name = LaunchScreen.storyboard;
			sourceTree = "<group>";
		};
/* End PBXVariantGroup section */

/* Begin XCBuildConfiguration section */
		45B5C7FC2364805100E10AA7 /* Debug */ = {
			isa = XCBuildConfiguration;
			buildSettings = {
				ALWAYS_SEARCH_USER_PATHS = NO;
				CLANG_ANALYZER_NONNULL = YES;
				CLANG_ANALYZER_NUMBER_OBJECT_CONVERSION = YES_AGGRESSIVE;
				CLANG_CXX_LANGUAGE_STANDARD = "gnu++14";
				CLANG_CXX_LIBRARY = "libc++";
				CLANG_ENABLE_MODULES = YES;
				CLANG_ENABLE_OBJC_ARC = YES;
				CLANG_ENABLE_OBJC_WEAK = YES;
				CLANG_WARN_BLOCK_CAPTURE_AUTORELEASING = YES;
				CLANG_WARN_BOOL_CONVERSION = YES;
				CLANG_WARN_COMMA = YES;
				CLANG_WARN_CONSTANT_CONVERSION = YES;
				CLANG_WARN_DEPRECATED_OBJC_IMPLEMENTATIONS = YES;
				CLANG_WARN_DIRECT_OBJC_ISA_USAGE = YES_ERROR;
				CLANG_WARN_DOCUMENTATION_COMMENTS = YES;
				CLANG_WARN_EMPTY_BODY = YES;
				CLANG_WARN_ENUM_CONVERSION = YES;
				CLANG_WARN_INFINITE_RECURSION = YES;
				CLANG_WARN_INT_CONVERSION = YES;
				CLANG_WARN_NON_LITERAL_NULL_CONVERSION = YES;
				CLANG_WARN_OBJC_IMPLICIT_RETAIN_SELF = YES;
				CLANG_WARN_OBJC_LITERAL_CONVERSION = YES;
				CLANG_WARN_OBJC_ROOT_CLASS = YES_ERROR;
				CLANG_WARN_RANGE_LOOP_ANALYSIS = YES;
				CLANG_WARN_STRICT_PROTOTYPES = YES;
				CLANG_WARN_SUSPICIOUS_MOVE = YES;
				CLANG_WARN_UNGUARDED_AVAILABILITY = YES_AGGRESSIVE;
				CLANG_WARN_UNREACHABLE_CODE = YES;
				CLANG_WARN__DUPLICATE_METHOD_MATCH = YES;
				COPY_PHASE_STRIP = NO;
				DEBUG_INFORMATION_FORMAT = dwarf;
				ENABLE_STRICT_OBJC_MSGSEND = YES;
				ENABLE_TESTABILITY = YES;
				GCC_C_LANGUAGE_STANDARD = gnu11;
				GCC_DYNAMIC_NO_PIC = NO;
				GCC_NO_COMMON_BLOCKS = YES;
				GCC_OPTIMIZATION_LEVEL = 0;
				GCC_PREPROCESSOR_DEFINITIONS = (
					"DEBUG=1",
					"$(inherited)",
				);
				GCC_WARN_64_TO_32_BIT_CONVERSION = YES;
				GCC_WARN_ABOUT_RETURN_TYPE = YES_ERROR;
				GCC_WARN_UNDECLARED_SELECTOR = YES;
				GCC_WARN_UNINITIALIZED_AUTOS = YES_AGGRESSIVE;
				GCC_WARN_UNUSED_FUNCTION = YES;
				GCC_WARN_UNUSED_VARIABLE = YES;
				IPHONEOS_DEPLOYMENT_TARGET = 13.1;
				MTL_ENABLE_DEBUG_INFO = INCLUDE_SOURCE;
				MTL_FAST_MATH = YES;
				ONLY_ACTIVE_ARCH = YES;
				SDKROOT = iphoneos;
				SWIFT_ACTIVE_COMPILATION_CONDITIONS = DEBUG;
				SWIFT_OPTIMIZATION_LEVEL = "-Onone";
			};
			name = Debug;
		};
		45B5C7FD2364805100E10AA7 /* Release */ = {
			isa = XCBuildConfiguration;
			buildSettings = {
				ALWAYS_SEARCH_USER_PATHS = NO;
				CLANG_ANALYZER_NONNULL = YES;
				CLANG_ANALYZER_NUMBER_OBJECT_CONVERSION = YES_AGGRESSIVE;
				CLANG_CXX_LANGUAGE_STANDARD = "gnu++14";
				CLANG_CXX_LIBRARY = "libc++";
				CLANG_ENABLE_MODULES = YES;
				CLANG_ENABLE_OBJC_ARC = YES;
				CLANG_ENABLE_OBJC_WEAK = YES;
				CLANG_WARN_BLOCK_CAPTURE_AUTORELEASING = YES;
				CLANG_WARN_BOOL_CONVERSION = YES;
				CLANG_WARN_COMMA = YES;
				CLANG_WARN_CONSTANT_CONVERSION = YES;
				CLANG_WARN_DEPRECATED_OBJC_IMPLEMENTATIONS = YES;
				CLANG_WARN_DIRECT_OBJC_ISA_USAGE = YES_ERROR;
				CLANG_WARN_DOCUMENTATION_COMMENTS = YES;
				CLANG_WARN_EMPTY_BODY = YES;
				CLANG_WARN_ENUM_CONVERSION = YES;
				CLANG_WARN_INFINITE_RECURSION = YES;
				CLANG_WARN_INT_CONVERSION = YES;
				CLANG_WARN_NON_LITERAL_NULL_CONVERSION = YES;
				CLANG_WARN_OBJC_IMPLICIT_RETAIN_SELF = YES;
				CLANG_WARN_OBJC_LITERAL_CONVERSION = YES;
				CLANG_WARN_OBJC_ROOT_CLASS = YES_ERROR;
				CLANG_WARN_RANGE_LOOP_ANALYSIS = YES;
				CLANG_WARN_STRICT_PROTOTYPES = YES;
				CLANG_WARN_SUSPICIOUS_MOVE = YES;
				CLANG_WARN_UNGUARDED_AVAILABILITY = YES_AGGRESSIVE;
				CLANG_WARN_UNREACHABLE_CODE = YES;
				CLANG_WARN__DUPLICATE_METHOD_MATCH = YES;
				COPY_PHASE_STRIP = NO;
				DEBUG_INFORMATION_FORMAT = "dwarf-with-dsym";
				ENABLE_NS_ASSERTIONS = NO;
				ENABLE_STRICT_OBJC_MSGSEND = YES;
				GCC_C_LANGUAGE_STANDARD = gnu11;
				GCC_NO_COMMON_BLOCKS = YES;
				GCC_WARN_64_TO_32_BIT_CONVERSION = YES;
				GCC_WARN_ABOUT_RETURN_TYPE = YES_ERROR;
				GCC_WARN_UNDECLARED_SELECTOR = YES;
				GCC_WARN_UNINITIALIZED_AUTOS = YES_AGGRESSIVE;
				GCC_WARN_UNUSED_FUNCTION = YES;
				GCC_WARN_UNUSED_VARIABLE = YES;
				IPHONEOS_DEPLOYMENT_TARGET = 13.1;
				MTL_ENABLE_DEBUG_INFO = NO;
				MTL_FAST_MATH = YES;
				SDKROOT = iphoneos;
				SWIFT_COMPILATION_MODE = wholemodule;
				SWIFT_OPTIMIZATION_LEVEL = "-O";
				VALIDATE_PRODUCT = YES;
			};
			name = Release;
		};
		45B5C7FF2364805100E10AA7 /* Debug */ = {
			isa = XCBuildConfiguration;
			buildSettings = {
				ASSETCATALOG_COMPILER_APPICON_NAME = AppIcon;
				CODE_SIGN_STYLE = Automatic;
				DEVELOPMENT_ASSET_PATHS = "\"SideMenuInSwiftUI/Preview Content\"";
				DEVELOPMENT_TEAM = Q5Q99Q7248;
				ENABLE_PREVIEWS = YES;
				INFOPLIST_FILE = SideMenuInSwiftUI/Info.plist;
				LD_RUNPATH_SEARCH_PATHS = (
					"$(inherited)",
					"@executable_path/Frameworks",
				);
				PRODUCT_BUNDLE_IDENTIFIER = com.andreasschultz.SideMenuInSwiftUI;
				PRODUCT_NAME = "$(TARGET_NAME)";
				SWIFT_VERSION = 5.0;
				TARGETED_DEVICE_FAMILY = "1,2";
			};
			name = Debug;
		};
		45B5C8002364805100E10AA7 /* Release */ = {
			isa = XCBuildConfiguration;
			buildSettings = {
				ASSETCATALOG_COMPILER_APPICON_NAME = AppIcon;
				CODE_SIGN_STYLE = Automatic;
				DEVELOPMENT_ASSET_PATHS = "\"SideMenuInSwiftUI/Preview Content\"";
				DEVELOPMENT_TEAM = Q5Q99Q7248;
				ENABLE_PREVIEWS = YES;
				INFOPLIST_FILE = SideMenuInSwiftUI/Info.plist;
				LD_RUNPATH_SEARCH_PATHS = (
					"$(inherited)",
					"@executable_path/Frameworks",
				);
				PRODUCT_BUNDLE_IDENTIFIER = com.andreasschultz.SideMenuInSwiftUI;
				PRODUCT_NAME = "$(TARGET_NAME)";
				SWIFT_VERSION = 5.0;
				TARGETED_DEVICE_FAMILY = "1,2";
			};
			name = Release;
		};
		45B5C8022364805100E10AA7 /* Debug */ = {
			isa = XCBuildConfiguration;
			buildSettings = {
				ALWAYS_EMBED_SWIFT_STANDARD_LIBRARIES = YES;
				BUNDLE_LOADER = "$(TEST_HOST)";
				CODE_SIGN_STYLE = Automatic;
				DEVELOPMENT_TEAM = Q5Q99Q7248;
				INFOPLIST_FILE = SideMenuInSwiftUITests/Info.plist;
				IPHONEOS_DEPLOYMENT_TARGET = 13.1;
				LD_RUNPATH_SEARCH_PATHS = (
					"$(inherited)",
					"@executable_path/Frameworks",
					"@loader_path/Frameworks",
				);
				PRODUCT_BUNDLE_IDENTIFIER = com.andreasschultz.SideMenuInSwiftUITests;
				PRODUCT_NAME = "$(TARGET_NAME)";
				SWIFT_VERSION = 5.0;
				TARGETED_DEVICE_FAMILY = "1,2";
				TEST_HOST = "$(BUILT_PRODUCTS_DIR)/SideMenuInSwiftUI.app/SideMenuInSwiftUI";
			};
			name = Debug;
		};
		45B5C8032364805100E10AA7 /* Release */ = {
			isa = XCBuildConfiguration;
			buildSettings = {
				ALWAYS_EMBED_SWIFT_STANDARD_LIBRARIES = YES;
				BUNDLE_LOADER = "$(TEST_HOST)";
				CODE_SIGN_STYLE = Automatic;
				DEVELOPMENT_TEAM = Q5Q99Q7248;
				INFOPLIST_FILE = SideMenuInSwiftUITests/Info.plist;
				IPHONEOS_DEPLOYMENT_TARGET = 13.1;
				LD_RUNPATH_SEARCH_PATHS = (
					"$(inherited)",
					"@executable_path/Frameworks",
					"@loader_path/Frameworks",
				);
				PRODUCT_BUNDLE_IDENTIFIER = com.andreasschultz.SideMenuInSwiftUITests;
				PRODUCT_NAME = "$(TARGET_NAME)";
				SWIFT_VERSION = 5.0;
				TARGETED_DEVICE_FAMILY = "1,2";
				TEST_HOST = "$(BUILT_PRODUCTS_DIR)/SideMenuInSwiftUI.app/SideMenuInSwiftUI";
			};
			name = Release;
		};
		45B5C8052364805100E10AA7 /* Debug */ = {
			isa = XCBuildConfiguration;
			buildSettings = {
				ALWAYS_EMBED_SWIFT_STANDARD_LIBRARIES = YES;
				CODE_SIGN_STYLE = Automatic;
				DEVELOPMENT_TEAM = Q5Q99Q7248;
				INFOPLIST_FILE = SideMenuInSwiftUIUITests/Info.plist;
				LD_RUNPATH_SEARCH_PATHS = (
					"$(inherited)",
					"@executable_path/Frameworks",
					"@loader_path/Frameworks",
				);
				PRODUCT_BUNDLE_IDENTIFIER = com.andreasschultz.SideMenuInSwiftUIUITests;
				PRODUCT_NAME = "$(TARGET_NAME)";
				SWIFT_VERSION = 5.0;
				TARGETED_DEVICE_FAMILY = "1,2";
				TEST_TARGET_NAME = SideMenuInSwiftUI;
			};
			name = Debug;
		};
		45B5C8062364805100E10AA7 /* Release */ = {
			isa = XCBuildConfiguration;
			buildSettings = {
				ALWAYS_EMBED_SWIFT_STANDARD_LIBRARIES = YES;
				CODE_SIGN_STYLE = Automatic;
				DEVELOPMENT_TEAM = Q5Q99Q7248;
				INFOPLIST_FILE = SideMenuInSwiftUIUITests/Info.plist;
				LD_RUNPATH_SEARCH_PATHS = (
					"$(inherited)",
					"@executable_path/Frameworks",
					"@loader_path/Frameworks",
				);
				PRODUCT_BUNDLE_IDENTIFIER = com.andreasschultz.SideMenuInSwiftUIUITests;
				PRODUCT_NAME = "$(TARGET_NAME)";
				SWIFT_VERSION = 5.0;
				TARGETED_DEVICE_FAMILY = "1,2";
				TEST_TARGET_NAME = SideMenuInSwiftUI;
			};
			name = Release;
		};
/* End XCBuildConfiguration section */

/* Begin XCConfigurationList section */
		45B5C7CF2364804D00E10AA7 /* Build configuration list for PBXProject "SideMenuInSwiftUI" */ = {
			isa = XCConfigurationList;
			buildConfigurations = (
				45B5C7FC2364805100E10AA7 /* Debug */,
				45B5C7FD2364805100E10AA7 /* Release */,
			);
			defaultConfigurationIsVisible = 0;
			defaultConfigurationName = Release;
		};
		45B5C7FE2364805100E10AA7 /* Build configuration list for PBXNativeTarget "SideMenuInSwiftUI" */ = {
			isa = XCConfigurationList;
			buildConfigurations = (
				45B5C7FF2364805100E10AA7 /* Debug */,
				45B5C8002364805100E10AA7 /* Release */,
			);
			defaultConfigurationIsVisible = 0;
			defaultConfigurationName = Release;
		};
		45B5C8012364805100E10AA7 /* Build configuration list for PBXNativeTarget "SideMenuInSwiftUITests" */ = {
			isa = XCConfigurationList;
			buildConfigurations = (
				45B5C8022364805100E10AA7 /* Debug */,
				45B5C8032364805100E10AA7 /* Release */,
			);
			defaultConfigurationIsVisible = 0;
			defaultConfigurationName = Release;
		};
		45B5C8042364805100E10AA7 /* Build configuration list for PBXNativeTarget "SideMenuInSwiftUIUITests" */ = {
			isa = XCConfigurationList;
			buildConfigurations = (
				45B5C8052364805100E10AA7 /* Debug */,
				45B5C8062364805100E10AA7 /* Release */,
			);
			defaultConfigurationIsVisible = 0;
			defaultConfigurationName = Release;
		};
/* End XCConfigurationList section */
	};
	rootObject = 45B5C7CC2364804D00E10AA7 /* Project object */;
}
